// !$*UTF8*$!
{
	archiveVersion = 1;
	classes = {
	};
	objectVersion = 50;
	objects = {

/* Begin PBXBuildFile section */
		3F16E25022DEBAEE002B3E94 /* APIProvider.swift in Sources */ = {isa = PBXBuildFile; fileRef = 3F16E24F22DEBAEE002B3E94 /* APIProvider.swift */; };
		3F16E25222DEBEFB002B3E94 /* CharacterEntity.swift in Sources */ = {isa = PBXBuildFile; fileRef = 3F16E25122DEBEFB002B3E94 /* CharacterEntity.swift */; };
		3F16E25422DF7E4A002B3E94 /* CharacterListDisplay.swift in Sources */ = {isa = PBXBuildFile; fileRef = 3F16E25322DF7E4A002B3E94 /* CharacterListDisplay.swift */; };
		3F16E25722DF8901002B3E94 /* CharacterMapper.swift in Sources */ = {isa = PBXBuildFile; fileRef = 3F16E25622DF8901002B3E94 /* CharacterMapper.swift */; };
		3F16E25922DF8DE2002B3E94 /* CharacterListTableViewCell.swift in Sources */ = {isa = PBXBuildFile; fileRef = 3F16E25822DF8DE2002B3E94 /* CharacterListTableViewCell.swift */; };
		3F16E25B22DF91D5002B3E94 /* ReusableView.swift in Sources */ = {isa = PBXBuildFile; fileRef = 3F16E25A22DF91D5002B3E94 /* ReusableView.swift */; };
		3F16E25D22DF9217002B3E94 /* UITableViewCell.swift in Sources */ = {isa = PBXBuildFile; fileRef = 3F16E25C22DF9217002B3E94 /* UITableViewCell.swift */; };
		3F16E25F22E01B97002B3E94 /* LoadingTableViewCell.swift in Sources */ = {isa = PBXBuildFile; fileRef = 3F16E25E22E01B97002B3E94 /* LoadingTableViewCell.swift */; };
		3F16E26122E14FD8002B3E94 /* CharacterSearchViewController.swift in Sources */ = {isa = PBXBuildFile; fileRef = 3F16E26022E14FD8002B3E94 /* CharacterSearchViewController.swift */; };
		3F16E26722E15185002B3E94 /* CharacterSearchTableViewCell.swift in Sources */ = {isa = PBXBuildFile; fileRef = 3F16E26622E15185002B3E94 /* CharacterSearchTableViewCell.swift */; };
		3F16E26B22E77C39002B3E94 /* CharacterSearchViewControllerBuilder.swift in Sources */ = {isa = PBXBuildFile; fileRef = 3F16E26A22E77C39002B3E94 /* CharacterSearchViewControllerBuilder.swift */; };
		3F16E26D22E77D41002B3E94 /* CharacterSearchPresenter.swift in Sources */ = {isa = PBXBuildFile; fileRef = 3F16E26C22E77D41002B3E94 /* CharacterSearchPresenter.swift */; };
		3F16E26F22E77E75002B3E94 /* CharacterSearchWireframe.swift in Sources */ = {isa = PBXBuildFile; fileRef = 3F16E26E22E77E75002B3E94 /* CharacterSearchWireframe.swift */; };
		3F16E27522E786D4002B3E94 /* DetailsViewController.swift in Sources */ = {isa = PBXBuildFile; fileRef = 3F16E27422E786D4002B3E94 /* DetailsViewController.swift */; };
		3F16E27722E78F90002B3E94 /* DetailsDisplay.swift in Sources */ = {isa = PBXBuildFile; fileRef = 3F16E27622E78F90002B3E94 /* DetailsDisplay.swift */; };
		3F16E27922E79066002B3E94 /* DetailsPresenter.swift in Sources */ = {isa = PBXBuildFile; fileRef = 3F16E27822E79066002B3E94 /* DetailsPresenter.swift */; };
		3F16E27B22E79121002B3E94 /* DetailsWireframe.swift in Sources */ = {isa = PBXBuildFile; fileRef = 3F16E27A22E79121002B3E94 /* DetailsWireframe.swift */; };
		3F16E27D22E792BC002B3E94 /* DetailsViewControllerBuilder.swift in Sources */ = {isa = PBXBuildFile; fileRef = 3F16E27C22E792BC002B3E94 /* DetailsViewControllerBuilder.swift */; };
		3F16E27F22E792EF002B3E94 /* DetailsPresenterBuilder.swift in Sources */ = {isa = PBXBuildFile; fileRef = 3F16E27E22E792EF002B3E94 /* DetailsPresenterBuilder.swift */; };
		3F16E2AB22E7E1B3002B3E94 /* ComicEntity.swift in Sources */ = {isa = PBXBuildFile; fileRef = 3F16E2AA22E7E1B3002B3E94 /* ComicEntity.swift */; };
		3F16E2AD22E9062A002B3E94 /* CharacterSearchControllerBuilder.swift in Sources */ = {isa = PBXBuildFile; fileRef = 3F16E2AC22E9062A002B3E94 /* CharacterSearchControllerBuilder.swift */; };
		3F16E2B022E907E2002B3E94 /* CharacterSearchInteractor.swift in Sources */ = {isa = PBXBuildFile; fileRef = 3F16E2AF22E907E2002B3E94 /* CharacterSearchInteractor.swift */; };
		3F16E2B322E90833002B3E94 /* CharacterSearchManager.swift in Sources */ = {isa = PBXBuildFile; fileRef = 3F16E2B222E90833002B3E94 /* CharacterSearchManager.swift */; };
		3F16E2B522E92F86002B3E94 /* CharacterSearchInteractorBuilder.swift in Sources */ = {isa = PBXBuildFile; fileRef = 3F16E2B422E92F86002B3E94 /* CharacterSearchInteractorBuilder.swift */; };
		3F16E2B722E92F9B002B3E94 /* CharacterSearchPresenterBuilder.swift in Sources */ = {isa = PBXBuildFile; fileRef = 3F16E2B622E92F9B002B3E94 /* CharacterSearchPresenterBuilder.swift */; };
		3F16E2BC22E942B0002B3E94 /* CharacterListInteractorTests.swift in Sources */ = {isa = PBXBuildFile; fileRef = 3F16E2BB22E942B0002B3E94 /* CharacterListInteractorTests.swift */; };
		3F16E2BE22E942BD002B3E94 /* CharacterListPresenterTests.swift in Sources */ = {isa = PBXBuildFile; fileRef = 3F16E2BD22E942BD002B3E94 /* CharacterListPresenterTests.swift */; };
		3F16E2C022E942D5002B3E94 /* CharacterListManagerMock.swift in Sources */ = {isa = PBXBuildFile; fileRef = 3F16E2BF22E942D5002B3E94 /* CharacterListManagerMock.swift */; };
		3F16E2C222E942E6002B3E94 /* CharacterListInteractorMock.swift in Sources */ = {isa = PBXBuildFile; fileRef = 3F16E2C122E942E6002B3E94 /* CharacterListInteractorMock.swift */; };
		3F16E2C422E9456F002B3E94 /* CharacterAPIModel.swift in Sources */ = {isa = PBXBuildFile; fileRef = 3F16E2C322E9456F002B3E94 /* CharacterAPIModel.swift */; };
		4F3B9F4622DE64D200A155FE /* AppDelegate.swift in Sources */ = {isa = PBXBuildFile; fileRef = 4F3B9F4522DE64D200A155FE /* AppDelegate.swift */; };
		4F3B9F4D22DE64D300A155FE /* Assets.xcassets in Resources */ = {isa = PBXBuildFile; fileRef = 4F3B9F4C22DE64D300A155FE /* Assets.xcassets */; };
		4F3B9F5B22DE64D400A155FE /* MarvelChallengeTests.swift in Sources */ = {isa = PBXBuildFile; fileRef = 4F3B9F5A22DE64D400A155FE /* MarvelChallengeTests.swift */; };
		4F3B9F6622DE64D400A155FE /* MarvelChallengeUITests.swift in Sources */ = {isa = PBXBuildFile; fileRef = 4F3B9F6522DE64D400A155FE /* MarvelChallengeUITests.swift */; };
		4F3B9F8022DE695100A155FE /* SplashViewController.swift in Sources */ = {isa = PBXBuildFile; fileRef = 4F3B9F7F22DE695100A155FE /* SplashViewController.swift */; };
		4F3B9F8222DE696400A155FE /* SplashViewControllerBuilder.swift in Sources */ = {isa = PBXBuildFile; fileRef = 4F3B9F8122DE696400A155FE /* SplashViewControllerBuilder.swift */; };
		4F3B9F8422DE699000A155FE /* SplashPresenter.swift in Sources */ = {isa = PBXBuildFile; fileRef = 4F3B9F8322DE699000A155FE /* SplashPresenter.swift */; };
		4F3B9F8622DE69A600A155FE /* SplashPresenterBuilder.swift in Sources */ = {isa = PBXBuildFile; fileRef = 4F3B9F8522DE69A600A155FE /* SplashPresenterBuilder.swift */; };
		4F3B9F8822DE69C600A155FE /* SplashWireframe.swift in Sources */ = {isa = PBXBuildFile; fileRef = 4F3B9F8722DE69C600A155FE /* SplashWireframe.swift */; };
		4F3B9F9022DE74AF00A155FE /* CharacterListWireframe.swift in Sources */ = {isa = PBXBuildFile; fileRef = 4F3B9F8F22DE74AF00A155FE /* CharacterListWireframe.swift */; };
		4F3B9F9222DE74E700A155FE /* CharacterListViewController.swift in Sources */ = {isa = PBXBuildFile; fileRef = 4F3B9F9122DE74E700A155FE /* CharacterListViewController.swift */; };
		4F3B9F9422DE74F700A155FE /* CharacterListViewControllerBuilder.swift in Sources */ = {isa = PBXBuildFile; fileRef = 4F3B9F9322DE74F700A155FE /* CharacterListViewControllerBuilder.swift */; };
		4F3B9F9622DE751400A155FE /* CharacterListPresenter.swift in Sources */ = {isa = PBXBuildFile; fileRef = 4F3B9F9522DE751400A155FE /* CharacterListPresenter.swift */; };
		4F3B9F9822DE757900A155FE /* CharacterListPresenterBuilder.swift in Sources */ = {isa = PBXBuildFile; fileRef = 4F3B9F9722DE757900A155FE /* CharacterListPresenterBuilder.swift */; };
		4F3B9F9A22DE75B500A155FE /* CharacterListManager.swift in Sources */ = {isa = PBXBuildFile; fileRef = 4F3B9F9922DE75B500A155FE /* CharacterListManager.swift */; };
		4F3B9F9C22DE75F100A155FE /* CharacterListInteractor.swift in Sources */ = {isa = PBXBuildFile; fileRef = 4F3B9F9B22DE75F100A155FE /* CharacterListInteractor.swift */; };
		4F3B9F9E22DE763000A155FE /* CharacterListInteractorBuilder.swift in Sources */ = {isa = PBXBuildFile; fileRef = 4F3B9F9D22DE763000A155FE /* CharacterListInteractorBuilder.swift */; };
		4F3B9FA022DE7C8E00A155FE /* UINavigationBar.swift in Sources */ = {isa = PBXBuildFile; fileRef = 4F3B9F9F22DE7C8E00A155FE /* UINavigationBar.swift */; };
		5219E8E112FB517779289459 /* Pods_MarvelChallenge.framework in Frameworks */ = {isa = PBXBuildFile; fileRef = F52E8A8A9F417880F5599383 /* Pods_MarvelChallenge.framework */; };
		66FEE1964F8C8A37110160F3 /* Pods_MarvelChallengeTests.framework in Frameworks */ = {isa = PBXBuildFile; fileRef = 1AE471D5240CF8C7CF770B50 /* Pods_MarvelChallengeTests.framework */; };
		FEBDD7D8BC6F6137474E88C9 /* Pods_MarvelChallengeUITests.framework in Frameworks */ = {isa = PBXBuildFile; fileRef = F68425CFBB8E943EEAF58620 /* Pods_MarvelChallengeUITests.framework */; };
/* End PBXBuildFile section */

/* Begin PBXContainerItemProxy section */
		4F3B9F5722DE64D400A155FE /* PBXContainerItemProxy */ = {
			isa = PBXContainerItemProxy;
			containerPortal = 4F3B9F3A22DE64D200A155FE /* Project object */;
			proxyType = 1;
			remoteGlobalIDString = 4F3B9F4122DE64D200A155FE;
			remoteInfo = MarvelChallenge;
		};
		4F3B9F6222DE64D400A155FE /* PBXContainerItemProxy */ = {
			isa = PBXContainerItemProxy;
			containerPortal = 4F3B9F3A22DE64D200A155FE /* Project object */;
			proxyType = 1;
			remoteGlobalIDString = 4F3B9F4122DE64D200A155FE;
			remoteInfo = MarvelChallenge;
		};
/* End PBXContainerItemProxy section */

/* Begin PBXFileReference section */
		04BB88763FB14C7E4BA75B6C /* Pods-MarvelChallengeTests.debug.xcconfig */ = {isa = PBXFileReference; includeInIndex = 1; lastKnownFileType = text.xcconfig; name = "Pods-MarvelChallengeTests.debug.xcconfig"; path = "Target Support Files/Pods-MarvelChallengeTests/Pods-MarvelChallengeTests.debug.xcconfig"; sourceTree = "<group>"; };
		1AE471D5240CF8C7CF770B50 /* Pods_MarvelChallengeTests.framework */ = {isa = PBXFileReference; explicitFileType = wrapper.framework; includeInIndex = 0; path = Pods_MarvelChallengeTests.framework; sourceTree = BUILT_PRODUCTS_DIR; };
		3F16E24F22DEBAEE002B3E94 /* APIProvider.swift */ = {isa = PBXFileReference; lastKnownFileType = sourcecode.swift; path = APIProvider.swift; sourceTree = "<group>"; };
		3F16E25122DEBEFB002B3E94 /* CharacterEntity.swift */ = {isa = PBXFileReference; lastKnownFileType = sourcecode.swift; name = CharacterEntity.swift; path = MarvelChallenge/Common/API/CharacterEntity.swift; sourceTree = SOURCE_ROOT; };
		3F16E25322DF7E4A002B3E94 /* CharacterListDisplay.swift */ = {isa = PBXFileReference; lastKnownFileType = sourcecode.swift; path = CharacterListDisplay.swift; sourceTree = "<group>"; };
		3F16E25622DF8901002B3E94 /* CharacterMapper.swift */ = {isa = PBXFileReference; lastKnownFileType = sourcecode.swift; path = CharacterMapper.swift; sourceTree = "<group>"; };
		3F16E25822DF8DE2002B3E94 /* CharacterListTableViewCell.swift */ = {isa = PBXFileReference; lastKnownFileType = sourcecode.swift; path = CharacterListTableViewCell.swift; sourceTree = "<group>"; };
		3F16E25A22DF91D5002B3E94 /* ReusableView.swift */ = {isa = PBXFileReference; lastKnownFileType = sourcecode.swift; path = ReusableView.swift; sourceTree = "<group>"; };
		3F16E25C22DF9217002B3E94 /* UITableViewCell.swift */ = {isa = PBXFileReference; lastKnownFileType = sourcecode.swift; path = UITableViewCell.swift; sourceTree = "<group>"; };
		3F16E25E22E01B97002B3E94 /* LoadingTableViewCell.swift */ = {isa = PBXFileReference; lastKnownFileType = sourcecode.swift; path = LoadingTableViewCell.swift; sourceTree = "<group>"; };
		3F16E26022E14FD8002B3E94 /* CharacterSearchViewController.swift */ = {isa = PBXFileReference; lastKnownFileType = sourcecode.swift; path = CharacterSearchViewController.swift; sourceTree = "<group>"; };
		3F16E26622E15185002B3E94 /* CharacterSearchTableViewCell.swift */ = {isa = PBXFileReference; lastKnownFileType = sourcecode.swift; path = CharacterSearchTableViewCell.swift; sourceTree = "<group>"; };
		3F16E26A22E77C39002B3E94 /* CharacterSearchViewControllerBuilder.swift */ = {isa = PBXFileReference; lastKnownFileType = sourcecode.swift; path = CharacterSearchViewControllerBuilder.swift; sourceTree = "<group>"; };
		3F16E26C22E77D41002B3E94 /* CharacterSearchPresenter.swift */ = {isa = PBXFileReference; lastKnownFileType = sourcecode.swift; path = CharacterSearchPresenter.swift; sourceTree = "<group>"; };
		3F16E26E22E77E75002B3E94 /* CharacterSearchWireframe.swift */ = {isa = PBXFileReference; lastKnownFileType = sourcecode.swift; path = CharacterSearchWireframe.swift; sourceTree = "<group>"; };
		3F16E27422E786D4002B3E94 /* DetailsViewController.swift */ = {isa = PBXFileReference; lastKnownFileType = sourcecode.swift; path = DetailsViewController.swift; sourceTree = "<group>"; };
		3F16E27622E78F90002B3E94 /* DetailsDisplay.swift */ = {isa = PBXFileReference; lastKnownFileType = sourcecode.swift; path = DetailsDisplay.swift; sourceTree = "<group>"; };
		3F16E27822E79066002B3E94 /* DetailsPresenter.swift */ = {isa = PBXFileReference; lastKnownFileType = sourcecode.swift; path = DetailsPresenter.swift; sourceTree = "<group>"; };
		3F16E27A22E79121002B3E94 /* DetailsWireframe.swift */ = {isa = PBXFileReference; lastKnownFileType = sourcecode.swift; path = DetailsWireframe.swift; sourceTree = "<group>"; };
		3F16E27C22E792BC002B3E94 /* DetailsViewControllerBuilder.swift */ = {isa = PBXFileReference; lastKnownFileType = sourcecode.swift; path = DetailsViewControllerBuilder.swift; sourceTree = "<group>"; };
		3F16E27E22E792EF002B3E94 /* DetailsPresenterBuilder.swift */ = {isa = PBXFileReference; lastKnownFileType = sourcecode.swift; path = DetailsPresenterBuilder.swift; sourceTree = "<group>"; };
		3F16E2AA22E7E1B3002B3E94 /* ComicEntity.swift */ = {isa = PBXFileReference; lastKnownFileType = sourcecode.swift; name = ComicEntity.swift; path = MarvelChallenge/Common/API/ComicEntity.swift; sourceTree = SOURCE_ROOT; };
		3F16E2AC22E9062A002B3E94 /* CharacterSearchControllerBuilder.swift */ = {isa = PBXFileReference; lastKnownFileType = sourcecode.swift; path = CharacterSearchControllerBuilder.swift; sourceTree = "<group>"; };
		3F16E2AF22E907E2002B3E94 /* CharacterSearchInteractor.swift */ = {isa = PBXFileReference; lastKnownFileType = sourcecode.swift; path = CharacterSearchInteractor.swift; sourceTree = "<group>"; };
		3F16E2B222E90833002B3E94 /* CharacterSearchManager.swift */ = {isa = PBXFileReference; lastKnownFileType = sourcecode.swift; path = CharacterSearchManager.swift; sourceTree = "<group>"; };
		3F16E2B422E92F86002B3E94 /* CharacterSearchInteractorBuilder.swift */ = {isa = PBXFileReference; lastKnownFileType = sourcecode.swift; path = CharacterSearchInteractorBuilder.swift; sourceTree = "<group>"; };
		3F16E2B622E92F9B002B3E94 /* CharacterSearchPresenterBuilder.swift */ = {isa = PBXFileReference; lastKnownFileType = sourcecode.swift; path = CharacterSearchPresenterBuilder.swift; sourceTree = "<group>"; };
		3F16E2BB22E942B0002B3E94 /* CharacterListInteractorTests.swift */ = {isa = PBXFileReference; lastKnownFileType = sourcecode.swift; path = CharacterListInteractorTests.swift; sourceTree = "<group>"; };
		3F16E2BD22E942BD002B3E94 /* CharacterListPresenterTests.swift */ = {isa = PBXFileReference; lastKnownFileType = sourcecode.swift; path = CharacterListPresenterTests.swift; sourceTree = "<group>"; };
		3F16E2BF22E942D5002B3E94 /* CharacterListManagerMock.swift */ = {isa = PBXFileReference; lastKnownFileType = sourcecode.swift; path = CharacterListManagerMock.swift; sourceTree = "<group>"; };
		3F16E2C122E942E6002B3E94 /* CharacterListInteractorMock.swift */ = {isa = PBXFileReference; lastKnownFileType = sourcecode.swift; path = CharacterListInteractorMock.swift; sourceTree = "<group>"; };
		3F16E2C322E9456F002B3E94 /* CharacterAPIModel.swift */ = {isa = PBXFileReference; lastKnownFileType = sourcecode.swift; path = CharacterAPIModel.swift; sourceTree = "<group>"; };
		4F3B9F4222DE64D200A155FE /* MarvelChallenge.app */ = {isa = PBXFileReference; explicitFileType = wrapper.application; includeInIndex = 0; path = MarvelChallenge.app; sourceTree = BUILT_PRODUCTS_DIR; };
		4F3B9F4522DE64D200A155FE /* AppDelegate.swift */ = {isa = PBXFileReference; lastKnownFileType = sourcecode.swift; path = AppDelegate.swift; sourceTree = "<group>"; };
		4F3B9F4C22DE64D300A155FE /* Assets.xcassets */ = {isa = PBXFileReference; lastKnownFileType = folder.assetcatalog; path = Assets.xcassets; sourceTree = "<group>"; };
		4F3B9F5122DE64D300A155FE /* Info.plist */ = {isa = PBXFileReference; lastKnownFileType = text.plist.xml; path = Info.plist; sourceTree = "<group>"; };
		4F3B9F5622DE64D400A155FE /* MarvelChallengeTests.xctest */ = {isa = PBXFileReference; explicitFileType = wrapper.cfbundle; includeInIndex = 0; path = MarvelChallengeTests.xctest; sourceTree = BUILT_PRODUCTS_DIR; };
		4F3B9F5A22DE64D400A155FE /* MarvelChallengeTests.swift */ = {isa = PBXFileReference; lastKnownFileType = sourcecode.swift; path = MarvelChallengeTests.swift; sourceTree = "<group>"; };
		4F3B9F5C22DE64D400A155FE /* Info.plist */ = {isa = PBXFileReference; lastKnownFileType = text.plist.xml; path = Info.plist; sourceTree = "<group>"; };
		4F3B9F6122DE64D400A155FE /* MarvelChallengeUITests.xctest */ = {isa = PBXFileReference; explicitFileType = wrapper.cfbundle; includeInIndex = 0; path = MarvelChallengeUITests.xctest; sourceTree = BUILT_PRODUCTS_DIR; };
		4F3B9F6522DE64D400A155FE /* MarvelChallengeUITests.swift */ = {isa = PBXFileReference; lastKnownFileType = sourcecode.swift; path = MarvelChallengeUITests.swift; sourceTree = "<group>"; };
		4F3B9F6722DE64D400A155FE /* Info.plist */ = {isa = PBXFileReference; lastKnownFileType = text.plist.xml; path = Info.plist; sourceTree = "<group>"; };
		4F3B9F7F22DE695100A155FE /* SplashViewController.swift */ = {isa = PBXFileReference; lastKnownFileType = sourcecode.swift; path = SplashViewController.swift; sourceTree = "<group>"; };
		4F3B9F8122DE696400A155FE /* SplashViewControllerBuilder.swift */ = {isa = PBXFileReference; lastKnownFileType = sourcecode.swift; path = SplashViewControllerBuilder.swift; sourceTree = "<group>"; };
		4F3B9F8322DE699000A155FE /* SplashPresenter.swift */ = {isa = PBXFileReference; lastKnownFileType = sourcecode.swift; path = SplashPresenter.swift; sourceTree = "<group>"; };
		4F3B9F8522DE69A600A155FE /* SplashPresenterBuilder.swift */ = {isa = PBXFileReference; lastKnownFileType = sourcecode.swift; path = SplashPresenterBuilder.swift; sourceTree = "<group>"; };
		4F3B9F8722DE69C600A155FE /* SplashWireframe.swift */ = {isa = PBXFileReference; lastKnownFileType = sourcecode.swift; path = SplashWireframe.swift; sourceTree = "<group>"; };
		4F3B9F8F22DE74AF00A155FE /* CharacterListWireframe.swift */ = {isa = PBXFileReference; lastKnownFileType = sourcecode.swift; path = CharacterListWireframe.swift; sourceTree = "<group>"; };
		4F3B9F9122DE74E700A155FE /* CharacterListViewController.swift */ = {isa = PBXFileReference; lastKnownFileType = sourcecode.swift; path = CharacterListViewController.swift; sourceTree = "<group>"; };
		4F3B9F9322DE74F700A155FE /* CharacterListViewControllerBuilder.swift */ = {isa = PBXFileReference; lastKnownFileType = sourcecode.swift; path = CharacterListViewControllerBuilder.swift; sourceTree = "<group>"; };
		4F3B9F9522DE751400A155FE /* CharacterListPresenter.swift */ = {isa = PBXFileReference; lastKnownFileType = sourcecode.swift; path = CharacterListPresenter.swift; sourceTree = "<group>"; };
		4F3B9F9722DE757900A155FE /* CharacterListPresenterBuilder.swift */ = {isa = PBXFileReference; lastKnownFileType = sourcecode.swift; path = CharacterListPresenterBuilder.swift; sourceTree = "<group>"; };
		4F3B9F9922DE75B500A155FE /* CharacterListManager.swift */ = {isa = PBXFileReference; lastKnownFileType = sourcecode.swift; path = CharacterListManager.swift; sourceTree = "<group>"; };
		4F3B9F9B22DE75F100A155FE /* CharacterListInteractor.swift */ = {isa = PBXFileReference; lastKnownFileType = sourcecode.swift; path = CharacterListInteractor.swift; sourceTree = "<group>"; };
		4F3B9F9D22DE763000A155FE /* CharacterListInteractorBuilder.swift */ = {isa = PBXFileReference; lastKnownFileType = sourcecode.swift; path = CharacterListInteractorBuilder.swift; sourceTree = "<group>"; };
		4F3B9F9F22DE7C8E00A155FE /* UINavigationBar.swift */ = {isa = PBXFileReference; lastKnownFileType = sourcecode.swift; path = UINavigationBar.swift; sourceTree = "<group>"; };
		9FF12EA3295C61E25A5C9011 /* Pods-MarvelChallengeUITests.release.xcconfig */ = {isa = PBXFileReference; includeInIndex = 1; lastKnownFileType = text.xcconfig; name = "Pods-MarvelChallengeUITests.release.xcconfig"; path = "Target Support Files/Pods-MarvelChallengeUITests/Pods-MarvelChallengeUITests.release.xcconfig"; sourceTree = "<group>"; };
		BE4AE78CB9BE3FEF5E0E0A46 /* Pods-MarvelChallenge.release.xcconfig */ = {isa = PBXFileReference; includeInIndex = 1; lastKnownFileType = text.xcconfig; name = "Pods-MarvelChallenge.release.xcconfig"; path = "Target Support Files/Pods-MarvelChallenge/Pods-MarvelChallenge.release.xcconfig"; sourceTree = "<group>"; };
		C800FB9F3DF0799809B0AB34 /* Pods-MarvelChallengeTests.release.xcconfig */ = {isa = PBXFileReference; includeInIndex = 1; lastKnownFileType = text.xcconfig; name = "Pods-MarvelChallengeTests.release.xcconfig"; path = "Target Support Files/Pods-MarvelChallengeTests/Pods-MarvelChallengeTests.release.xcconfig"; sourceTree = "<group>"; };
		D9591DF40613B5D640B36D27 /* Pods-MarvelChallenge.debug.xcconfig */ = {isa = PBXFileReference; includeInIndex = 1; lastKnownFileType = text.xcconfig; name = "Pods-MarvelChallenge.debug.xcconfig"; path = "Target Support Files/Pods-MarvelChallenge/Pods-MarvelChallenge.debug.xcconfig"; sourceTree = "<group>"; };
		E0EBDB41E05CECC52F3D6C4A /* Pods-MarvelChallengeUITests.debug.xcconfig */ = {isa = PBXFileReference; includeInIndex = 1; lastKnownFileType = text.xcconfig; name = "Pods-MarvelChallengeUITests.debug.xcconfig"; path = "Target Support Files/Pods-MarvelChallengeUITests/Pods-MarvelChallengeUITests.debug.xcconfig"; sourceTree = "<group>"; };
		F52E8A8A9F417880F5599383 /* Pods_MarvelChallenge.framework */ = {isa = PBXFileReference; explicitFileType = wrapper.framework; includeInIndex = 0; path = Pods_MarvelChallenge.framework; sourceTree = BUILT_PRODUCTS_DIR; };
		F68425CFBB8E943EEAF58620 /* Pods_MarvelChallengeUITests.framework */ = {isa = PBXFileReference; explicitFileType = wrapper.framework; includeInIndex = 0; path = Pods_MarvelChallengeUITests.framework; sourceTree = BUILT_PRODUCTS_DIR; };
/* End PBXFileReference section */

/* Begin PBXFrameworksBuildPhase section */
		4F3B9F3F22DE64D200A155FE /* Frameworks */ = {
			isa = PBXFrameworksBuildPhase;
			buildActionMask = 2147483647;
			files = (
				5219E8E112FB517779289459 /* Pods_MarvelChallenge.framework in Frameworks */,
			);
			runOnlyForDeploymentPostprocessing = 0;
		};
		4F3B9F5322DE64D400A155FE /* Frameworks */ = {
			isa = PBXFrameworksBuildPhase;
			buildActionMask = 2147483647;
			files = (
				66FEE1964F8C8A37110160F3 /* Pods_MarvelChallengeTests.framework in Frameworks */,
			);
			runOnlyForDeploymentPostprocessing = 0;
		};
		4F3B9F5E22DE64D400A155FE /* Frameworks */ = {
			isa = PBXFrameworksBuildPhase;
			buildActionMask = 2147483647;
			files = (
				FEBDD7D8BC6F6137474E88C9 /* Pods_MarvelChallengeUITests.framework in Frameworks */,
			);
			runOnlyForDeploymentPostprocessing = 0;
		};
/* End PBXFrameworksBuildPhase section */

/* Begin PBXGroup section */
		0430B122680FA81F25A5779D /* Pods */ = {
			isa = PBXGroup;
			children = (
				D9591DF40613B5D640B36D27 /* Pods-MarvelChallenge.debug.xcconfig */,
				BE4AE78CB9BE3FEF5E0E0A46 /* Pods-MarvelChallenge.release.xcconfig */,
				04BB88763FB14C7E4BA75B6C /* Pods-MarvelChallengeTests.debug.xcconfig */,
				C800FB9F3DF0799809B0AB34 /* Pods-MarvelChallengeTests.release.xcconfig */,
				E0EBDB41E05CECC52F3D6C4A /* Pods-MarvelChallengeUITests.debug.xcconfig */,
				9FF12EA3295C61E25A5C9011 /* Pods-MarvelChallengeUITests.release.xcconfig */,
			);
			path = Pods;
			sourceTree = "<group>";
		};
		3F16E24E22DEBAE1002B3E94 /* API */ = {
			isa = PBXGroup;
			children = (
				3F16E24F22DEBAEE002B3E94 /* APIProvider.swift */,
				3F16E2C322E9456F002B3E94 /* CharacterAPIModel.swift */,
			);
			path = API;
			sourceTree = "<group>";
		};
		3F16E25522DF7E90002B3E94 /* Mappers */ = {
			isa = PBXGroup;
			children = (
				3F16E25622DF8901002B3E94 /* CharacterMapper.swift */,
			);
			path = Mappers;
			sourceTree = "<group>";
		};
		3F16E26222E14FE5002B3E94 /* View */ = {
			isa = PBXGroup;
			children = (
				3F16E26022E14FD8002B3E94 /* CharacterSearchViewController.swift */,
				3F16E26622E15185002B3E94 /* CharacterSearchTableViewCell.swift */,
				3F16E26A22E77C39002B3E94 /* CharacterSearchViewControllerBuilder.swift */,
				3F16E2AC22E9062A002B3E94 /* CharacterSearchControllerBuilder.swift */,
			);
			path = View;
			sourceTree = "<group>";
		};
		3F16E26322E14FE9002B3E94 /* Presenter */ = {
			isa = PBXGroup;
			children = (
				3F16E26C22E77D41002B3E94 /* CharacterSearchPresenter.swift */,
				3F16E2B622E92F9B002B3E94 /* CharacterSearchPresenterBuilder.swift */,
			);
			path = Presenter;
			sourceTree = "<group>";
		};
		3F16E26522E14FFA002B3E94 /* Wireframe */ = {
			isa = PBXGroup;
			children = (
				3F16E26E22E77E75002B3E94 /* CharacterSearchWireframe.swift */,
			);
			path = Wireframe;
			sourceTree = "<group>";
		};
		3F16E27022E7867B002B3E94 /* View */ = {
			isa = PBXGroup;
			children = (
				3F16E27422E786D4002B3E94 /* DetailsViewController.swift */,
				3F16E27C22E792BC002B3E94 /* DetailsViewControllerBuilder.swift */,
			);
			path = View;
			sourceTree = "<group>";
		};
		3F16E27122E78681002B3E94 /* Presenter */ = {
			isa = PBXGroup;
			children = (
				3F16E27622E78F90002B3E94 /* DetailsDisplay.swift */,
				3F16E27822E79066002B3E94 /* DetailsPresenter.swift */,
				3F16E27E22E792EF002B3E94 /* DetailsPresenterBuilder.swift */,
			);
			path = Presenter;
			sourceTree = "<group>";
		};
		3F16E27322E78698002B3E94 /* Wireframe */ = {
			isa = PBXGroup;
			children = (
				3F16E27A22E79121002B3E94 /* DetailsWireframe.swift */,
			);
			path = Wireframe;
			sourceTree = "<group>";
		};
		3F16E2AE22E907D3002B3E94 /* Interactor */ = {
			isa = PBXGroup;
			children = (
				3F16E2AF22E907E2002B3E94 /* CharacterSearchInteractor.swift */,
				3F16E2B422E92F86002B3E94 /* CharacterSearchInteractorBuilder.swift */,
			);
			path = Interactor;
			sourceTree = "<group>";
		};
		3F16E2B122E90824002B3E94 /* Manager */ = {
			isa = PBXGroup;
			children = (
				3F16E2B222E90833002B3E94 /* CharacterSearchManager.swift */,
			);
			path = Manager;
			sourceTree = "<group>";
		};
		3F16E2B822E94274002B3E94 /* Character List */ = {
			isa = PBXGroup;
			children = (
				3F16E2BB22E942B0002B3E94 /* CharacterListInteractorTests.swift */,
				3F16E2BD22E942BD002B3E94 /* CharacterListPresenterTests.swift */,
				3F16E2BF22E942D5002B3E94 /* CharacterListManagerMock.swift */,
				3F16E2C122E942E6002B3E94 /* CharacterListInteractorMock.swift */,
			);
			path = "Character List";
			sourceTree = "<group>";
		};
		3F16E2B922E94285002B3E94 /* Character Search */ = {
			isa = PBXGroup;
			children = (
			);
			path = "Character Search";
			sourceTree = "<group>";
		};
		3F16E2BA22E9428E002B3E94 /* Details */ = {
			isa = PBXGroup;
			children = (
			);
			path = Details;
			sourceTree = "<group>";
		};
		4F3B9F3922DE64D200A155FE = {
			isa = PBXGroup;
			children = (
				4F3B9F4422DE64D200A155FE /* MarvelChallenge */,
				4F3B9F5922DE64D400A155FE /* MarvelChallengeTests */,
				4F3B9F6422DE64D400A155FE /* MarvelChallengeUITests */,
				4F3B9F4322DE64D200A155FE /* Products */,
				0430B122680FA81F25A5779D /* Pods */,
				D666C9065E0E55C5A5D4620A /* Frameworks */,
			);
			sourceTree = "<group>";
		};
		4F3B9F4322DE64D200A155FE /* Products */ = {
			isa = PBXGroup;
			children = (
				4F3B9F4222DE64D200A155FE /* MarvelChallenge.app */,
				4F3B9F5622DE64D400A155FE /* MarvelChallengeTests.xctest */,
				4F3B9F6122DE64D400A155FE /* MarvelChallengeUITests.xctest */,
			);
			name = Products;
			sourceTree = "<group>";
		};
		4F3B9F4422DE64D200A155FE /* MarvelChallenge */ = {
			isa = PBXGroup;
			children = (
				4F3B9F5122DE64D300A155FE /* Info.plist */,
				4F3B9F4522DE64D200A155FE /* AppDelegate.swift */,
				4F3B9F4C22DE64D300A155FE /* Assets.xcassets */,
				4F3B9F7322DE676500A155FE /* Common */,
				4F3B9F7422DE676C00A155FE /* Modules */,
			);
			path = MarvelChallenge;
			sourceTree = "<group>";
		};
		4F3B9F5922DE64D400A155FE /* MarvelChallengeTests */ = {
			isa = PBXGroup;
			children = (
				3F16E2BA22E9428E002B3E94 /* Details */,
				3F16E2B922E94285002B3E94 /* Character Search */,
				3F16E2B822E94274002B3E94 /* Character List */,
				4F3B9F5A22DE64D400A155FE /* MarvelChallengeTests.swift */,
				4F3B9F5C22DE64D400A155FE /* Info.plist */,
			);
			path = MarvelChallengeTests;
			sourceTree = "<group>";
		};
		4F3B9F6422DE64D400A155FE /* MarvelChallengeUITests */ = {
			isa = PBXGroup;
			children = (
				4F3B9F6522DE64D400A155FE /* MarvelChallengeUITests.swift */,
				4F3B9F6722DE64D400A155FE /* Info.plist */,
			);
			path = MarvelChallengeUITests;
			sourceTree = "<group>";
		};
		4F3B9F7322DE676500A155FE /* Common */ = {
			isa = PBXGroup;
			children = (
				3F16E25522DF7E90002B3E94 /* Mappers */,
				3F16E24E22DEBAE1002B3E94 /* API */,
				4F3B9F7B22DE67BC00A155FE /* Model */,
				4F3B9F7A22DE67B100A155FE /* Extensions */,
			);
			path = Common;
			sourceTree = "<group>";
		};
		4F3B9F7422DE676C00A155FE /* Modules */ = {
			isa = PBXGroup;
			children = (
				4F3B9F7522DE677A00A155FE /* Character List */,
				4F3B9F7722DE678E00A155FE /* Character Search  */,
				4F3B9F7622DE678600A155FE /* Details */,
				4F3B9F7822DE67A100A155FE /* Splash */,
			);
			path = Modules;
			sourceTree = "<group>";
		};
		4F3B9F7522DE677A00A155FE /* Character List */ = {
			isa = PBXGroup;
			children = (
				4F3B9F8C22DE748F00A155FE /* Interactor */,
				4F3B9F8E22DE749B00A155FE /* Manager */,
				4F3B9F8B22DE748800A155FE /* Presenter */,
				4F3B9F8A22DE747D00A155FE /* View */,
				4F3B9F8D22DE749500A155FE /* Wireframe */,
			);
			path = "Character List";
			sourceTree = "<group>";
		};
		4F3B9F7622DE678600A155FE /* Details */ = {
			isa = PBXGroup;
			children = (
				3F16E27122E78681002B3E94 /* Presenter */,
				3F16E27022E7867B002B3E94 /* View */,
				3F16E27322E78698002B3E94 /* Wireframe */,
			);
			path = Details;
			sourceTree = "<group>";
		};
		4F3B9F7722DE678E00A155FE /* Character Search  */ = {
			isa = PBXGroup;
			children = (
				3F16E2AE22E907D3002B3E94 /* Interactor */,
				3F16E2B122E90824002B3E94 /* Manager */,
				3F16E26322E14FE9002B3E94 /* Presenter */,
				3F16E26222E14FE5002B3E94 /* View */,
				3F16E26522E14FFA002B3E94 /* Wireframe */,
			);
			path = "Character Search ";
			sourceTree = "<group>";
		};
		4F3B9F7822DE67A100A155FE /* Splash */ = {
			isa = PBXGroup;
			children = (
				4F3B9F7D22DE691B00A155FE /* Presenter */,
				4F3B9F7C22DE691400A155FE /* View */,
				4F3B9F7E22DE692300A155FE /* Wireframe */,
			);
			path = Splash;
			sourceTree = "<group>";
		};
		4F3B9F7A22DE67B100A155FE /* Extensions */ = {
			isa = PBXGroup;
			children = (
				4F3B9F9F22DE7C8E00A155FE /* UINavigationBar.swift */,
				3F16E25A22DF91D5002B3E94 /* ReusableView.swift */,
				3F16E25C22DF9217002B3E94 /* UITableViewCell.swift */,
			);
			path = Extensions;
			sourceTree = "<group>";
		};
		4F3B9F7B22DE67BC00A155FE /* Model */ = {
			isa = PBXGroup;
			children = (
				3F16E25122DEBEFB002B3E94 /* CharacterEntity.swift */,
				3F16E2AA22E7E1B3002B3E94 /* ComicEntity.swift */,
			);
			path = Model;
			sourceTree = "<group>";
		};
		4F3B9F7C22DE691400A155FE /* View */ = {
			isa = PBXGroup;
			children = (
				4F3B9F7F22DE695100A155FE /* SplashViewController.swift */,
				4F3B9F8122DE696400A155FE /* SplashViewControllerBuilder.swift */,
			);
			path = View;
			sourceTree = "<group>";
		};
		4F3B9F7D22DE691B00A155FE /* Presenter */ = {
			isa = PBXGroup;
			children = (
				4F3B9F8322DE699000A155FE /* SplashPresenter.swift */,
				4F3B9F8522DE69A600A155FE /* SplashPresenterBuilder.swift */,
			);
			path = Presenter;
			sourceTree = "<group>";
		};
		4F3B9F7E22DE692300A155FE /* Wireframe */ = {
			isa = PBXGroup;
			children = (
				4F3B9F8722DE69C600A155FE /* SplashWireframe.swift */,
			);
			path = Wireframe;
			sourceTree = "<group>";
		};
		4F3B9F8A22DE747D00A155FE /* View */ = {
			isa = PBXGroup;
			children = (
				4F3B9F9122DE74E700A155FE /* CharacterListViewController.swift */,
				4F3B9F9322DE74F700A155FE /* CharacterListViewControllerBuilder.swift */,
				3F16E25822DF8DE2002B3E94 /* CharacterListTableViewCell.swift */,
				3F16E25E22E01B97002B3E94 /* LoadingTableViewCell.swift */,
			);
			path = View;
			sourceTree = "<group>";
		};
		4F3B9F8B22DE748800A155FE /* Presenter */ = {
			isa = PBXGroup;
			children = (
				4F3B9F9522DE751400A155FE /* CharacterListPresenter.swift */,
				4F3B9F9722DE757900A155FE /* CharacterListPresenterBuilder.swift */,
				3F16E25322DF7E4A002B3E94 /* CharacterListDisplay.swift */,
			);
			path = Presenter;
			sourceTree = "<group>";
		};
		4F3B9F8C22DE748F00A155FE /* Interactor */ = {
			isa = PBXGroup;
			children = (
				4F3B9F9B22DE75F100A155FE /* CharacterListInteractor.swift */,
				4F3B9F9D22DE763000A155FE /* CharacterListInteractorBuilder.swift */,
			);
			path = Interactor;
			sourceTree = "<group>";
		};
		4F3B9F8D22DE749500A155FE /* Wireframe */ = {
			isa = PBXGroup;
			children = (
				4F3B9F8F22DE74AF00A155FE /* CharacterListWireframe.swift */,
			);
			path = Wireframe;
			sourceTree = "<group>";
		};
		4F3B9F8E22DE749B00A155FE /* Manager */ = {
			isa = PBXGroup;
			children = (
				4F3B9F9922DE75B500A155FE /* CharacterListManager.swift */,
			);
			path = Manager;
			sourceTree = "<group>";
		};
		D666C9065E0E55C5A5D4620A /* Frameworks */ = {
			isa = PBXGroup;
			children = (
				F52E8A8A9F417880F5599383 /* Pods_MarvelChallenge.framework */,
				1AE471D5240CF8C7CF770B50 /* Pods_MarvelChallengeTests.framework */,
				F68425CFBB8E943EEAF58620 /* Pods_MarvelChallengeUITests.framework */,
			);
			name = Frameworks;
			sourceTree = "<group>";
		};
/* End PBXGroup section */

/* Begin PBXNativeTarget section */
		4F3B9F4122DE64D200A155FE /* MarvelChallenge */ = {
			isa = PBXNativeTarget;
			buildConfigurationList = 4F3B9F6A22DE64D400A155FE /* Build configuration list for PBXNativeTarget "MarvelChallenge" */;
			buildPhases = (
				07C7D0E44BDEE500D693AE23 /* [CP] Check Pods Manifest.lock */,
				4F3B9F3E22DE64D200A155FE /* Sources */,
				4F3B9F3F22DE64D200A155FE /* Frameworks */,
				4F3B9F4022DE64D200A155FE /* Resources */,
				88D17202B6DEFE3368FC6077 /* [CP] Embed Pods Frameworks */,
			);
			buildRules = (
			);
			dependencies = (
			);
			name = MarvelChallenge;
			productName = MarvelChallenge;
			productReference = 4F3B9F4222DE64D200A155FE /* MarvelChallenge.app */;
			productType = "com.apple.product-type.application";
		};
		4F3B9F5522DE64D400A155FE /* MarvelChallengeTests */ = {
			isa = PBXNativeTarget;
			buildConfigurationList = 4F3B9F6D22DE64D400A155FE /* Build configuration list for PBXNativeTarget "MarvelChallengeTests" */;
			buildPhases = (
				15B39C03AE6936CA35D0DCA9 /* [CP] Check Pods Manifest.lock */,
				4F3B9F5222DE64D400A155FE /* Sources */,
				4F3B9F5322DE64D400A155FE /* Frameworks */,
				4F3B9F5422DE64D400A155FE /* Resources */,
			);
			buildRules = (
			);
			dependencies = (
				4F3B9F5822DE64D400A155FE /* PBXTargetDependency */,
			);
			name = MarvelChallengeTests;
			productName = MarvelChallengeTests;
			productReference = 4F3B9F5622DE64D400A155FE /* MarvelChallengeTests.xctest */;
			productType = "com.apple.product-type.bundle.unit-test";
		};
		4F3B9F6022DE64D400A155FE /* MarvelChallengeUITests */ = {
			isa = PBXNativeTarget;
			buildConfigurationList = 4F3B9F7022DE64D400A155FE /* Build configuration list for PBXNativeTarget "MarvelChallengeUITests" */;
			buildPhases = (
				5B07DA8229878058468785CC /* [CP] Check Pods Manifest.lock */,
				4F3B9F5D22DE64D400A155FE /* Sources */,
				4F3B9F5E22DE64D400A155FE /* Frameworks */,
				4F3B9F5F22DE64D400A155FE /* Resources */,
			);
			buildRules = (
			);
			dependencies = (
				4F3B9F6322DE64D400A155FE /* PBXTargetDependency */,
			);
			name = MarvelChallengeUITests;
			productName = MarvelChallengeUITests;
			productReference = 4F3B9F6122DE64D400A155FE /* MarvelChallengeUITests.xctest */;
			productType = "com.apple.product-type.bundle.ui-testing";
		};
/* End PBXNativeTarget section */

/* Begin PBXProject section */
		4F3B9F3A22DE64D200A155FE /* Project object */ = {
			isa = PBXProject;
			attributes = {
				LastSwiftUpdateCheck = 1010;
				LastUpgradeCheck = 1010;
				ORGANIZATIONNAME = Pedro.Alvarez;
				TargetAttributes = {
					4F3B9F4122DE64D200A155FE = {
						CreatedOnToolsVersion = 10.1;
					};
					4F3B9F5522DE64D400A155FE = {
						CreatedOnToolsVersion = 10.1;
						TestTargetID = 4F3B9F4122DE64D200A155FE;
					};
					4F3B9F6022DE64D400A155FE = {
						CreatedOnToolsVersion = 10.1;
						TestTargetID = 4F3B9F4122DE64D200A155FE;
					};
				};
			};
			buildConfigurationList = 4F3B9F3D22DE64D200A155FE /* Build configuration list for PBXProject "MarvelChallenge" */;
			compatibilityVersion = "Xcode 9.3";
			developmentRegion = en;
			hasScannedForEncodings = 0;
			knownRegions = (
				en,
				Base,
			);
			mainGroup = 4F3B9F3922DE64D200A155FE;
			productRefGroup = 4F3B9F4322DE64D200A155FE /* Products */;
			projectDirPath = "";
			projectRoot = "";
			targets = (
				4F3B9F4122DE64D200A155FE /* MarvelChallenge */,
				4F3B9F5522DE64D400A155FE /* MarvelChallengeTests */,
				4F3B9F6022DE64D400A155FE /* MarvelChallengeUITests */,
			);
		};
/* End PBXProject section */

/* Begin PBXResourcesBuildPhase section */
		4F3B9F4022DE64D200A155FE /* Resources */ = {
			isa = PBXResourcesBuildPhase;
			buildActionMask = 2147483647;
			files = (
				4F3B9F4D22DE64D300A155FE /* Assets.xcassets in Resources */,
			);
			runOnlyForDeploymentPostprocessing = 0;
		};
		4F3B9F5422DE64D400A155FE /* Resources */ = {
			isa = PBXResourcesBuildPhase;
			buildActionMask = 2147483647;
			files = (
			);
			runOnlyForDeploymentPostprocessing = 0;
		};
		4F3B9F5F22DE64D400A155FE /* Resources */ = {
			isa = PBXResourcesBuildPhase;
			buildActionMask = 2147483647;
			files = (
			);
			runOnlyForDeploymentPostprocessing = 0;
		};
/* End PBXResourcesBuildPhase section */

/* Begin PBXShellScriptBuildPhase section */
		07C7D0E44BDEE500D693AE23 /* [CP] Check Pods Manifest.lock */ = {
			isa = PBXShellScriptBuildPhase;
			buildActionMask = 2147483647;
			files = (
			);
			inputFileListPaths = (
			);
			inputPaths = (
				"${PODS_PODFILE_DIR_PATH}/Podfile.lock",
				"${PODS_ROOT}/Manifest.lock",
			);
			name = "[CP] Check Pods Manifest.lock";
			outputFileListPaths = (
			);
			outputPaths = (
				"$(DERIVED_FILE_DIR)/Pods-MarvelChallenge-checkManifestLockResult.txt",
			);
			runOnlyForDeploymentPostprocessing = 0;
			shellPath = /bin/sh;
			shellScript = "diff \"${PODS_PODFILE_DIR_PATH}/Podfile.lock\" \"${PODS_ROOT}/Manifest.lock\" > /dev/null\nif [ $? != 0 ] ; then\n    # print error to STDERR\n    echo \"error: The sandbox is not in sync with the Podfile.lock. Run 'pod install' or update your CocoaPods installation.\" >&2\n    exit 1\nfi\n# This output is used by Xcode 'outputs' to avoid re-running this script phase.\necho \"SUCCESS\" > \"${SCRIPT_OUTPUT_FILE_0}\"\n";
			showEnvVarsInLog = 0;
		};
		15B39C03AE6936CA35D0DCA9 /* [CP] Check Pods Manifest.lock */ = {
			isa = PBXShellScriptBuildPhase;
			buildActionMask = 2147483647;
			files = (
			);
			inputFileListPaths = (
			);
			inputPaths = (
				"${PODS_PODFILE_DIR_PATH}/Podfile.lock",
				"${PODS_ROOT}/Manifest.lock",
			);
			name = "[CP] Check Pods Manifest.lock";
			outputFileListPaths = (
			);
			outputPaths = (
				"$(DERIVED_FILE_DIR)/Pods-MarvelChallengeTests-checkManifestLockResult.txt",
			);
			runOnlyForDeploymentPostprocessing = 0;
			shellPath = /bin/sh;
			shellScript = "diff \"${PODS_PODFILE_DIR_PATH}/Podfile.lock\" \"${PODS_ROOT}/Manifest.lock\" > /dev/null\nif [ $? != 0 ] ; then\n    # print error to STDERR\n    echo \"error: The sandbox is not in sync with the Podfile.lock. Run 'pod install' or update your CocoaPods installation.\" >&2\n    exit 1\nfi\n# This output is used by Xcode 'outputs' to avoid re-running this script phase.\necho \"SUCCESS\" > \"${SCRIPT_OUTPUT_FILE_0}\"\n";
			showEnvVarsInLog = 0;
		};
		5B07DA8229878058468785CC /* [CP] Check Pods Manifest.lock */ = {
			isa = PBXShellScriptBuildPhase;
			buildActionMask = 2147483647;
			files = (
			);
			inputFileListPaths = (
			);
			inputPaths = (
				"${PODS_PODFILE_DIR_PATH}/Podfile.lock",
				"${PODS_ROOT}/Manifest.lock",
			);
			name = "[CP] Check Pods Manifest.lock";
			outputFileListPaths = (
			);
			outputPaths = (
				"$(DERIVED_FILE_DIR)/Pods-MarvelChallengeUITests-checkManifestLockResult.txt",
			);
			runOnlyForDeploymentPostprocessing = 0;
			shellPath = /bin/sh;
			shellScript = "diff \"${PODS_PODFILE_DIR_PATH}/Podfile.lock\" \"${PODS_ROOT}/Manifest.lock\" > /dev/null\nif [ $? != 0 ] ; then\n    # print error to STDERR\n    echo \"error: The sandbox is not in sync with the Podfile.lock. Run 'pod install' or update your CocoaPods installation.\" >&2\n    exit 1\nfi\n# This output is used by Xcode 'outputs' to avoid re-running this script phase.\necho \"SUCCESS\" > \"${SCRIPT_OUTPUT_FILE_0}\"\n";
			showEnvVarsInLog = 0;
		};
		88D17202B6DEFE3368FC6077 /* [CP] Embed Pods Frameworks */ = {
			isa = PBXShellScriptBuildPhase;
			buildActionMask = 2147483647;
			files = (
			);
			inputFileListPaths = (
			);
			inputPaths = (
				"${PODS_ROOT}/Target Support Files/Pods-MarvelChallenge/Pods-MarvelChallenge-frameworks.sh",
				"${BUILT_PRODUCTS_DIR}/Alamofire/Alamofire.framework",
				"${BUILT_PRODUCTS_DIR}/ObjectMapper/ObjectMapper.framework",
				"${BUILT_PRODUCTS_DIR}/SDWebImage/SDWebImage.framework",
			);
			name = "[CP] Embed Pods Frameworks";
			outputFileListPaths = (
			);
			outputPaths = (
				"${TARGET_BUILD_DIR}/${FRAMEWORKS_FOLDER_PATH}/Alamofire.framework",
				"${TARGET_BUILD_DIR}/${FRAMEWORKS_FOLDER_PATH}/ObjectMapper.framework",
				"${TARGET_BUILD_DIR}/${FRAMEWORKS_FOLDER_PATH}/SDWebImage.framework",
			);
			runOnlyForDeploymentPostprocessing = 0;
			shellPath = /bin/sh;
			shellScript = "\"${PODS_ROOT}/Target Support Files/Pods-MarvelChallenge/Pods-MarvelChallenge-frameworks.sh\"\n";
			showEnvVarsInLog = 0;
		};
/* End PBXShellScriptBuildPhase section */

/* Begin PBXSourcesBuildPhase section */
		4F3B9F3E22DE64D200A155FE /* Sources */ = {
			isa = PBXSourcesBuildPhase;
			buildActionMask = 2147483647;
			files = (
				3F16E25422DF7E4A002B3E94 /* CharacterListDisplay.swift in Sources */,
				4F3B9F9822DE757900A155FE /* CharacterListPresenterBuilder.swift in Sources */,
				3F16E25922DF8DE2002B3E94 /* CharacterListTableViewCell.swift in Sources */,
				3F16E27722E78F90002B3E94 /* DetailsDisplay.swift in Sources */,
				3F16E25022DEBAEE002B3E94 /* APIProvider.swift in Sources */,
				3F16E27922E79066002B3E94 /* DetailsPresenter.swift in Sources */,
				4F3B9F4622DE64D200A155FE /* AppDelegate.swift in Sources */,
				3F16E25F22E01B97002B3E94 /* LoadingTableViewCell.swift in Sources */,
				3F16E27522E786D4002B3E94 /* DetailsViewController.swift in Sources */,
				3F16E25D22DF9217002B3E94 /* UITableViewCell.swift in Sources */,
				4F3B9F9C22DE75F100A155FE /* CharacterListInteractor.swift in Sources */,
				3F16E2AD22E9062A002B3E94 /* CharacterSearchControllerBuilder.swift in Sources */,
				3F16E2AB22E7E1B3002B3E94 /* ComicEntity.swift in Sources */,
				4F3B9F8622DE69A600A155FE /* SplashPresenterBuilder.swift in Sources */,
				4F3B9F9A22DE75B500A155FE /* CharacterListManager.swift in Sources */,
				3F16E27F22E792EF002B3E94 /* DetailsPresenterBuilder.swift in Sources */,
				4F3B9F9422DE74F700A155FE /* CharacterListViewControllerBuilder.swift in Sources */,
				3F16E25722DF8901002B3E94 /* CharacterMapper.swift in Sources */,
				4F3B9F8222DE696400A155FE /* SplashViewControllerBuilder.swift in Sources */,
				4F3B9F8022DE695100A155FE /* SplashViewController.swift in Sources */,
				3F16E25B22DF91D5002B3E94 /* ReusableView.swift in Sources */,
				3F16E2B522E92F86002B3E94 /* CharacterSearchInteractorBuilder.swift in Sources */,
				4F3B9F9E22DE763000A155FE /* CharacterListInteractorBuilder.swift in Sources */,
				3F16E26722E15185002B3E94 /* CharacterSearchTableViewCell.swift in Sources */,
				3F16E26122E14FD8002B3E94 /* CharacterSearchViewController.swift in Sources */,
				4F3B9FA022DE7C8E00A155FE /* UINavigationBar.swift in Sources */,
				3F16E2B722E92F9B002B3E94 /* CharacterSearchPresenterBuilder.swift in Sources */,
				3F16E26B22E77C39002B3E94 /* CharacterSearchViewControllerBuilder.swift in Sources */,
				4F3B9F9222DE74E700A155FE /* CharacterListViewController.swift in Sources */,
				3F16E26D22E77D41002B3E94 /* CharacterSearchPresenter.swift in Sources */,
				3F16E27B22E79121002B3E94 /* DetailsWireframe.swift in Sources */,
				3F16E2B322E90833002B3E94 /* CharacterSearchManager.swift in Sources */,
				3F16E2B022E907E2002B3E94 /* CharacterSearchInteractor.swift in Sources */,
				3F16E27D22E792BC002B3E94 /* DetailsViewControllerBuilder.swift in Sources */,
				3F16E26F22E77E75002B3E94 /* CharacterSearchWireframe.swift in Sources */,
				4F3B9F9622DE751400A155FE /* CharacterListPresenter.swift in Sources */,
				3F16E2C422E9456F002B3E94 /* CharacterAPIModel.swift in Sources */,
				4F3B9F8422DE699000A155FE /* SplashPresenter.swift in Sources */,
				3F16E25222DEBEFB002B3E94 /* CharacterEntity.swift in Sources */,
				4F3B9F8822DE69C600A155FE /* SplashWireframe.swift in Sources */,
				4F3B9F9022DE74AF00A155FE /* CharacterListWireframe.swift in Sources */,
			);
			runOnlyForDeploymentPostprocessing = 0;
		};
		4F3B9F5222DE64D400A155FE /* Sources */ = {
			isa = PBXSourcesBuildPhase;
			buildActionMask = 2147483647;
			files = (
				3F16E2BE22E942BD002B3E94 /* CharacterListPresenterTests.swift in Sources */,
				3F16E2C222E942E6002B3E94 /* CharacterListInteractorMock.swift in Sources */,
				3F16E2BC22E942B0002B3E94 /* CharacterListInteractorTests.swift in Sources */,
				4F3B9F5B22DE64D400A155FE /* MarvelChallengeTests.swift in Sources */,
				3F16E2C022E942D5002B3E94 /* CharacterListManagerMock.swift in Sources */,
			);
			runOnlyForDeploymentPostprocessing = 0;
		};
		4F3B9F5D22DE64D400A155FE /* Sources */ = {
			isa = PBXSourcesBuildPhase;
			buildActionMask = 2147483647;
			files = (
				4F3B9F6622DE64D400A155FE /* MarvelChallengeUITests.swift in Sources */,
			);
			runOnlyForDeploymentPostprocessing = 0;
		};
/* End PBXSourcesBuildPhase section */

/* Begin PBXTargetDependency section */
		4F3B9F5822DE64D400A155FE /* PBXTargetDependency */ = {
			isa = PBXTargetDependency;
			target = 4F3B9F4122DE64D200A155FE /* MarvelChallenge */;
			targetProxy = 4F3B9F5722DE64D400A155FE /* PBXContainerItemProxy */;
		};
		4F3B9F6322DE64D400A155FE /* PBXTargetDependency */ = {
			isa = PBXTargetDependency;
			target = 4F3B9F4122DE64D200A155FE /* MarvelChallenge */;
			targetProxy = 4F3B9F6222DE64D400A155FE /* PBXContainerItemProxy */;
		};
/* End PBXTargetDependency section */

/* Begin XCBuildConfiguration section */
		4F3B9F6822DE64D400A155FE /* Debug */ = {
			isa = XCBuildConfiguration;
			buildSettings = {
				ALWAYS_SEARCH_USER_PATHS = NO;
				CLANG_ANALYZER_NONNULL = YES;
				CLANG_ANALYZER_NUMBER_OBJECT_CONVERSION = YES_AGGRESSIVE;
				CLANG_CXX_LANGUAGE_STANDARD = "gnu++14";
				CLANG_CXX_LIBRARY = "libc++";
				CLANG_ENABLE_MODULES = YES;
				CLANG_ENABLE_OBJC_ARC = YES;
				CLANG_ENABLE_OBJC_WEAK = YES;
				CLANG_WARN_BLOCK_CAPTURE_AUTORELEASING = YES;
				CLANG_WARN_BOOL_CONVERSION = YES;
				CLANG_WARN_COMMA = YES;
				CLANG_WARN_CONSTANT_CONVERSION = YES;
				CLANG_WARN_DEPRECATED_OBJC_IMPLEMENTATIONS = YES;
				CLANG_WARN_DIRECT_OBJC_ISA_USAGE = YES_ERROR;
				CLANG_WARN_DOCUMENTATION_COMMENTS = YES;
				CLANG_WARN_EMPTY_BODY = YES;
				CLANG_WARN_ENUM_CONVERSION = YES;
				CLANG_WARN_INFINITE_RECURSION = YES;
				CLANG_WARN_INT_CONVERSION = YES;
				CLANG_WARN_NON_LITERAL_NULL_CONVERSION = YES;
				CLANG_WARN_OBJC_IMPLICIT_RETAIN_SELF = YES;
				CLANG_WARN_OBJC_LITERAL_CONVERSION = YES;
				CLANG_WARN_OBJC_ROOT_CLASS = YES_ERROR;
				CLANG_WARN_RANGE_LOOP_ANALYSIS = YES;
				CLANG_WARN_STRICT_PROTOTYPES = YES;
				CLANG_WARN_SUSPICIOUS_MOVE = YES;
				CLANG_WARN_UNGUARDED_AVAILABILITY = YES_AGGRESSIVE;
				CLANG_WARN_UNREACHABLE_CODE = YES;
				CLANG_WARN__DUPLICATE_METHOD_MATCH = YES;
				CODE_SIGN_IDENTITY = "iPhone Developer";
				COPY_PHASE_STRIP = NO;
				DEBUG_INFORMATION_FORMAT = dwarf;
				ENABLE_STRICT_OBJC_MSGSEND = YES;
				ENABLE_TESTABILITY = YES;
				GCC_C_LANGUAGE_STANDARD = gnu11;
				GCC_DYNAMIC_NO_PIC = NO;
				GCC_NO_COMMON_BLOCKS = YES;
				GCC_OPTIMIZATION_LEVEL = 0;
				GCC_PREPROCESSOR_DEFINITIONS = (
					"DEBUG=1",
					"$(inherited)",
				);
				GCC_WARN_64_TO_32_BIT_CONVERSION = YES;
				GCC_WARN_ABOUT_RETURN_TYPE = YES_ERROR;
				GCC_WARN_UNDECLARED_SELECTOR = YES;
				GCC_WARN_UNINITIALIZED_AUTOS = YES_AGGRESSIVE;
				GCC_WARN_UNUSED_FUNCTION = YES;
				GCC_WARN_UNUSED_VARIABLE = YES;
				IPHONEOS_DEPLOYMENT_TARGET = 12.1;
				MTL_ENABLE_DEBUG_INFO = INCLUDE_SOURCE;
				MTL_FAST_MATH = YES;
				ONLY_ACTIVE_ARCH = YES;
				SDKROOT = iphoneos;
				SWIFT_ACTIVE_COMPILATION_CONDITIONS = DEBUG;
				SWIFT_OPTIMIZATION_LEVEL = "-Onone";
			};
			name = Debug;
		};
		4F3B9F6922DE64D400A155FE /* Release */ = {
			isa = XCBuildConfiguration;
			buildSettings = {
				ALWAYS_SEARCH_USER_PATHS = NO;
				CLANG_ANALYZER_NONNULL = YES;
				CLANG_ANALYZER_NUMBER_OBJECT_CONVERSION = YES_AGGRESSIVE;
				CLANG_CXX_LANGUAGE_STANDARD = "gnu++14";
				CLANG_CXX_LIBRARY = "libc++";
				CLANG_ENABLE_MODULES = YES;
				CLANG_ENABLE_OBJC_ARC = YES;
				CLANG_ENABLE_OBJC_WEAK = YES;
				CLANG_WARN_BLOCK_CAPTURE_AUTORELEASING = YES;
				CLANG_WARN_BOOL_CONVERSION = YES;
				CLANG_WARN_COMMA = YES;
				CLANG_WARN_CONSTANT_CONVERSION = YES;
				CLANG_WARN_DEPRECATED_OBJC_IMPLEMENTATIONS = YES;
				CLANG_WARN_DIRECT_OBJC_ISA_USAGE = YES_ERROR;
				CLANG_WARN_DOCUMENTATION_COMMENTS = YES;
				CLANG_WARN_EMPTY_BODY = YES;
				CLANG_WARN_ENUM_CONVERSION = YES;
				CLANG_WARN_INFINITE_RECURSION = YES;
				CLANG_WARN_INT_CONVERSION = YES;
				CLANG_WARN_NON_LITERAL_NULL_CONVERSION = YES;
				CLANG_WARN_OBJC_IMPLICIT_RETAIN_SELF = YES;
				CLANG_WARN_OBJC_LITERAL_CONVERSION = YES;
				CLANG_WARN_OBJC_ROOT_CLASS = YES_ERROR;
				CLANG_WARN_RANGE_LOOP_ANALYSIS = YES;
				CLANG_WARN_STRICT_PROTOTYPES = YES;
				CLANG_WARN_SUSPICIOUS_MOVE = YES;
				CLANG_WARN_UNGUARDED_AVAILABILITY = YES_AGGRESSIVE;
				CLANG_WARN_UNREACHABLE_CODE = YES;
				CLANG_WARN__DUPLICATE_METHOD_MATCH = YES;
				CODE_SIGN_IDENTITY = "iPhone Developer";
				COPY_PHASE_STRIP = NO;
				DEBUG_INFORMATION_FORMAT = "dwarf-with-dsym";
				ENABLE_NS_ASSERTIONS = NO;
				ENABLE_STRICT_OBJC_MSGSEND = YES;
				GCC_C_LANGUAGE_STANDARD = gnu11;
				GCC_NO_COMMON_BLOCKS = YES;
				GCC_WARN_64_TO_32_BIT_CONVERSION = YES;
				GCC_WARN_ABOUT_RETURN_TYPE = YES_ERROR;
				GCC_WARN_UNDECLARED_SELECTOR = YES;
				GCC_WARN_UNINITIALIZED_AUTOS = YES_AGGRESSIVE;
				GCC_WARN_UNUSED_FUNCTION = YES;
				GCC_WARN_UNUSED_VARIABLE = YES;
				IPHONEOS_DEPLOYMENT_TARGET = 12.1;
				MTL_ENABLE_DEBUG_INFO = NO;
				MTL_FAST_MATH = YES;
				SDKROOT = iphoneos;
				SWIFT_COMPILATION_MODE = wholemodule;
				SWIFT_OPTIMIZATION_LEVEL = "-O";
				VALIDATE_PRODUCT = YES;
			};
			name = Release;
		};
		4F3B9F6B22DE64D400A155FE /* Debug */ = {
			isa = XCBuildConfiguration;
			baseConfigurationReference = D9591DF40613B5D640B36D27 /* Pods-MarvelChallenge.debug.xcconfig */;
			buildSettings = {
				ASSETCATALOG_COMPILER_APPICON_NAME = AppIcon;
				CODE_SIGN_STYLE = Automatic;
				DEVELOPMENT_TEAM = L332B28T9P;
				INFOPLIST_FILE = MarvelChallenge/Info.plist;
				LD_RUNPATH_SEARCH_PATHS = (
					"$(inherited)",
					"@executable_path/Frameworks",
				);
				PRODUCT_BUNDLE_IDENTIFIER = pedro.alvarez.MarvelChallenge;
				PRODUCT_NAME = "$(TARGET_NAME)";
				SWIFT_VERSION = 4.2;
				TARGETED_DEVICE_FAMILY = "1,2";
			};
			name = Debug;
		};
		4F3B9F6C22DE64D400A155FE /* Release */ = {
			isa = XCBuildConfiguration;
			baseConfigurationReference = BE4AE78CB9BE3FEF5E0E0A46 /* Pods-MarvelChallenge.release.xcconfig */;
			buildSettings = {
				ASSETCATALOG_COMPILER_APPICON_NAME = AppIcon;
				CODE_SIGN_STYLE = Automatic;
				DEVELOPMENT_TEAM = L332B28T9P;
				INFOPLIST_FILE = MarvelChallenge/Info.plist;
				LD_RUNPATH_SEARCH_PATHS = (
					"$(inherited)",
					"@executable_path/Frameworks",
				);
				PRODUCT_BUNDLE_IDENTIFIER = pedro.alvarez.MarvelChallenge;
				PRODUCT_NAME = "$(TARGET_NAME)";
				SWIFT_VERSION = 4.2;
				TARGETED_DEVICE_FAMILY = "1,2";
			};
			name = Release;
		};
		4F3B9F6E22DE64D400A155FE /* Debug */ = {
			isa = XCBuildConfiguration;
			baseConfigurationReference = 04BB88763FB14C7E4BA75B6C /* Pods-MarvelChallengeTests.debug.xcconfig */;
			buildSettings = {
				ALWAYS_EMBED_SWIFT_STANDARD_LIBRARIES = YES;
				BUNDLE_LOADER = "$(TEST_HOST)";
				CODE_SIGN_STYLE = Automatic;
				DEVELOPMENT_TEAM = L332B28T9P;
				INFOPLIST_FILE = MarvelChallengeTests/Info.plist;
				LD_RUNPATH_SEARCH_PATHS = (
					"$(inherited)",
					"@executable_path/Frameworks",
					"@loader_path/Frameworks",
				);
				PRODUCT_BUNDLE_IDENTIFIER = pedro.alvarez.MarvelChallengeTests;
				PRODUCT_NAME = "$(TARGET_NAME)";
				SWIFT_VERSION = 4.2;
				TARGETED_DEVICE_FAMILY = "1,2";
				TEST_HOST = "$(BUILT_PRODUCTS_DIR)/MarvelChallenge.app/MarvelChallenge";
			};
			name = Debug;
		};
		4F3B9F6F22DE64D400A155FE /* Release */ = {
			isa = XCBuildConfiguration;
			baseConfigurationReference = C800FB9F3DF0799809B0AB34 /* Pods-MarvelChallengeTests.release.xcconfig */;
			buildSettings = {
				ALWAYS_EMBED_SWIFT_STANDARD_LIBRARIES = YES;
				BUNDLE_LOADER = "$(TEST_HOST)";
				CODE_SIGN_STYLE = Automatic;
				DEVELOPMENT_TEAM = L332B28T9P;
				INFOPLIST_FILE = MarvelChallengeTests/Info.plist;
				LD_RUNPATH_SEARCH_PATHS = (
					"$(inherited)",
					"@executable_path/Frameworks",
					"@loader_path/Frameworks",
				);
				PRODUCT_BUNDLE_IDENTIFIER = pedro.alvarez.MarvelChallengeTests;
				PRODUCT_NAME = "$(TARGET_NAME)";
				SWIFT_VERSION = 4.2;
				TARGETED_DEVICE_FAMILY = "1,2";
				TEST_HOST = "$(BUILT_PRODUCTS_DIR)/MarvelChallenge.app/MarvelChallenge";
			};
			name = Release;
		};
		4F3B9F7122DE64D400A155FE /* Debug */ = {
			isa = XCBuildConfiguration;
			baseConfigurationReference = E0EBDB41E05CECC52F3D6C4A /* Pods-MarvelChallengeUITests.debug.xcconfig */;
			buildSettings = {
				ALWAYS_EMBED_SWIFT_STANDARD_LIBRARIES = YES;
				CODE_SIGN_STYLE = Automatic;
				DEVELOPMENT_TEAM = L332B28T9P;
				INFOPLIST_FILE = MarvelChallengeUITests/Info.plist;
				LD_RUNPATH_SEARCH_PATHS = (
					"$(inherited)",
					"@executable_path/Frameworks",
					"@loader_path/Frameworks",
				);
				PRODUCT_BUNDLE_IDENTIFIER = pedro.alvarez.MarvelChallengeUITests;
				PRODUCT_NAME = "$(TARGET_NAME)";
				SWIFT_VERSION = 4.2;
				TARGETED_DEVICE_FAMILY = "1,2";
				TEST_TARGET_NAME = MarvelChallenge;
			};
			name = Debug;
		};
		4F3B9F7222DE64D400A155FE /* Release */ = {
			isa = XCBuildConfiguration;
			baseConfigurationReference = 9FF12EA3295C61E25A5C9011 /* Pods-MarvelChallengeUITests.release.xcconfig */;
			buildSettings = {
				ALWAYS_EMBED_SWIFT_STANDARD_LIBRARIES = YES;
				CODE_SIGN_STYLE = Automatic;
				DEVELOPMENT_TEAM = L332B28T9P;
				INFOPLIST_FILE = MarvelChallengeUITests/Info.plist;
				LD_RUNPATH_SEARCH_PATHS = (
					"$(inherited)",
					"@executable_path/Frameworks",
					"@loader_path/Frameworks",
				);
				PRODUCT_BUNDLE_IDENTIFIER = pedro.alvarez.MarvelChallengeUITests;
				PRODUCT_NAME = "$(TARGET_NAME)";
				SWIFT_VERSION = 4.2;
				TARGETED_DEVICE_FAMILY = "1,2";
				TEST_TARGET_NAME = MarvelChallenge;
			};
			name = Release;
		};
/* End XCBuildConfiguration section */

/* Begin XCConfigurationList section */
		4F3B9F3D22DE64D200A155FE /* Build configuration list for PBXProject "MarvelChallenge" */ = {
			isa = XCConfigurationList;
			buildConfigurations = (
				4F3B9F6822DE64D400A155FE /* Debug */,
				4F3B9F6922DE64D400A155FE /* Release */,
			);
			defaultConfigurationIsVisible = 0;
			defaultConfigurationName = Release;
		};
		4F3B9F6A22DE64D400A155FE /* Build configuration list for PBXNativeTarget "MarvelChallenge" */ = {
			isa = XCConfigurationList;
			buildConfigurations = (
				4F3B9F6B22DE64D400A155FE /* Debug */,
				4F3B9F6C22DE64D400A155FE /* Release */,
			);
			defaultConfigurationIsVisible = 0;
			defaultConfigurationName = Release;
		};
		4F3B9F6D22DE64D400A155FE /* Build configuration list for PBXNativeTarget "MarvelChallengeTests" */ = {
			isa = XCConfigurationList;
			buildConfigurations = (
				4F3B9F6E22DE64D400A155FE /* Debug */,
				4F3B9F6F22DE64D400A155FE /* Release */,
			);
			defaultConfigurationIsVisible = 0;
			defaultConfigurationName = Release;
		};
		4F3B9F7022DE64D400A155FE /* Build configuration list for PBXNativeTarget "MarvelChallengeUITests" */ = {
			isa = XCConfigurationList;
			buildConfigurations = (
				4F3B9F7122DE64D400A155FE /* Debug */,
				4F3B9F7222DE64D400A155FE /* Release */,
			);
			defaultConfigurationIsVisible = 0;
			defaultConfigurationName = Release;
		};
/* End XCConfigurationList section */
	};
	rootObject = 4F3B9F3A22DE64D200A155FE /* Project object */;
}
